{
  "name": "sls-test1",
  "version": "0.1.0",
  "lockfileVersion": 1,
  "requires": true,
  "dependencies": {
    "serverless-plugin-ifelse": {
      "version": "1.0.5",
      "resolved": "https://registry.npmjs.org/serverless-plugin-ifelse/-/serverless-plugin-ifelse-1.0.5.tgz",
      "integrity": "sha512-NsL+DASRYNmExAPIqrR4G3QDPFmiLl//22r/tJ16iJVJpAhCgVR1g9sG3qhYUvS3xRgeRV+rqnNfCu8GU3RQyQ==",
      "dev": true
    },
    "serverless-plugin-tracing": {
      "version": "2.0.0",
      "resolved": "https://registry.npmjs.org/serverless-plugin-tracing/-/serverless-plugin-tracing-2.0.0.tgz",
      "integrity": "sha1-32uLMWasm7cKN8f8h1AUsjaRWPY=",
      "dev": true
    }
  }
}
